
Microsoft Visual Studio Solution File, Format Version 12.00
# Visual Studio 2013
VisualStudioVersion = 12.0.21005.1
MinimumVisualStudioVersion = 10.0.40219.1
Project("{FAE04EC0-301F-11D3-BF4B-00C04F79EFBC}") = "CalcProject", "CalcProject\CalcProject.csproj", "{684C3353-FAF2-4DF1-88DE-F6B63E59459D}"
EndProject
Project("{2150E333-8FDC-42A3-9474-1A3956D46DE8}") = "Solution Items", "Solution Items", "{13FABC67-52A1-42D5-8F7A-55782F3AB23C}"
EndProject
Global
	GlobalSection(SolutionConfigurationPlatforms) = preSolution
		Debug|Any CPU = Debug|Any CPU
		Release|Any CPU = Release|Any CPU
	EndGlobalSection
	GlobalSection(ProjectConfigurationPlatforms) = postSolution
		{684C3353-FAF2-4DF1-88DE-F6B63E59459D}.Debug|Any CPU.ActiveCfg = Debug|Any CPU
		{684C3353-FAF2-4DF1-88DE-F6B63E59459D}.Debug|Any CPU.Build.0 = Debug|Any CPU
		{684C3353-FAF2-4DF1-88DE-F6B63E59459D}.Release|Any CPU.ActiveCfg = Release|Any CPU
		{684C3353-FAF2-4DF1-88DE-F6B63E59459D}.Release|Any CPU.Build.0 = Release|Any CPU
	EndGlobalSection
	GlobalSection(SolutionProperties) = preSolution
		HideSolutionNode = FALSE
	EndGlobalSection
EndGlobal
